// !$*UTF8*$!
{
	archiveVersion = 1;
	classes = {
	};
	objectVersion = 52;
	objects = {

/* Begin PBXBuildFile section */
		9B3D9DCD2308E6810091BA83 /* SpotZipArchive.framework in Frameworks */ = {isa = PBXBuildFile; fileRef = 9B3D9DC32308E6810091BA83 /* SpotZipArchive.framework */; };
		9B3D9DD22308E6810091BA83 /* SpotZipArchiveTests.swift in Sources */ = {isa = PBXBuildFile; fileRef = 9B3D9DD12308E6810091BA83 /* SpotZipArchiveTests.swift */; };
		9B3D9DD42308E6810091BA83 /* SpotZipArchive.h in Headers */ = {isa = PBXBuildFile; fileRef = 9B3D9DC62308E6810091BA83 /* SpotZipArchive.h */; settings = {ATTRIBUTES = (Public, ); }; };
		9B3D9DE52308E6990091BA83 /* ZipArchive.swift in Sources */ = {isa = PBXBuildFile; fileRef = 9B3D9DDF2308E6970091BA83 /* ZipArchive.swift */; };
		9B3D9DE62308E6990091BA83 /* ZipArchive+Writing.swift in Sources */ = {isa = PBXBuildFile; fileRef = 9B3D9DE02308E6970091BA83 /* ZipArchive+Writing.swift */; };
		9B3D9DE72308E6990091BA83 /* ZipEntry.swift in Sources */ = {isa = PBXBuildFile; fileRef = 9B3D9DE12308E6970091BA83 /* ZipEntry.swift */; };
		9B3D9DE82308E6990091BA83 /* Data+ZipArchive.swift in Sources */ = {isa = PBXBuildFile; fileRef = 9B3D9DE22308E6970091BA83 /* Data+ZipArchive.swift */; };
		9B3D9DE92308E6990091BA83 /* ZipArchive+convenience.swift in Sources */ = {isa = PBXBuildFile; fileRef = 9B3D9DE32308E6970091BA83 /* ZipArchive+convenience.swift */; };
		9B3D9DEA2308E6990091BA83 /* ZipArchive+Reading.swift in Sources */ = {isa = PBXBuildFile; fileRef = 9B3D9DE42308E6970091BA83 /* ZipArchive+Reading.swift */; };
		9B3D9DEF2308E7550091BA83 /* Spot in Frameworks */ = {isa = PBXBuildFile; productRef = 9B3D9DEE2308E7550091BA83 /* Spot */; };
		9B3D9DF12308E7CC0091BA83 /* FileManager+.swift in Sources */ = {isa = PBXBuildFile; fileRef = 9B3D9DF02308E7CB0091BA83 /* FileManager+.swift */; };
/* End PBXBuildFile section */

/* Begin PBXContainerItemProxy section */
		9B3D9DCE2308E6810091BA83 /* PBXContainerItemProxy */ = {
			isa = PBXContainerItemProxy;
			containerPortal = 9B3D9DBA2308E6810091BA83 /* Project object */;
			proxyType = 1;
			remoteGlobalIDString = 9B3D9DC22308E6810091BA83;
			remoteInfo = SpotZipArchive;
		};
/* End PBXContainerItemProxy section */

/* Begin PBXFileReference section */
		9B3D9DC32308E6810091BA83 /* SpotZipArchive.framework */ = {isa = PBXFileReference; explicitFileType = wrapper.framework; includeInIndex = 0; path = SpotZipArchive.framework; sourceTree = BUILT_PRODUCTS_DIR; };
		9B3D9DC62308E6810091BA83 /* SpotZipArchive.h */ = {isa = PBXFileReference; lastKnownFileType = sourcecode.c.h; path = SpotZipArchive.h; sourceTree = "<group>"; };
		9B3D9DC72308E6810091BA83 /* Info.plist */ = {isa = PBXFileReference; lastKnownFileType = text.plist.xml; path = Info.plist; sourceTree = "<group>"; };
		9B3D9DCC2308E6810091BA83 /* SpotZipArchiveTests.xctest */ = {isa = PBXFileReference; explicitFileType = wrapper.cfbundle; includeInIndex = 0; path = SpotZipArchiveTests.xctest; sourceTree = BUILT_PRODUCTS_DIR; };
		9B3D9DD12308E6810091BA83 /* SpotZipArchiveTests.swift */ = {isa = PBXFileReference; lastKnownFileType = sourcecode.swift; path = SpotZipArchiveTests.swift; sourceTree = "<group>"; };
		9B3D9DD32308E6810091BA83 /* Info.plist */ = {isa = PBXFileReference; lastKnownFileType = text.plist.xml; path = Info.plist; sourceTree = "<group>"; };
		9B3D9DDF2308E6970091BA83 /* ZipArchive.swift */ = {isa = PBXFileReference; fileEncoding = 4; lastKnownFileType = sourcecode.swift; path = ZipArchive.swift; sourceTree = "<group>"; };
		9B3D9DE02308E6970091BA83 /* ZipArchive+Writing.swift */ = {isa = PBXFileReference; fileEncoding = 4; lastKnownFileType = sourcecode.swift; path = "ZipArchive+Writing.swift"; sourceTree = "<group>"; };
		9B3D9DE12308E6970091BA83 /* ZipEntry.swift */ = {isa = PBXFileReference; fileEncoding = 4; lastKnownFileType = sourcecode.swift; path = ZipEntry.swift; sourceTree = "<group>"; };
		9B3D9DE22308E6970091BA83 /* Data+ZipArchive.swift */ = {isa = PBXFileReference; fileEncoding = 4; lastKnownFileType = sourcecode.swift; path = "Data+ZipArchive.swift"; sourceTree = "<group>"; };
		9B3D9DE32308E6970091BA83 /* ZipArchive+convenience.swift */ = {isa = PBXFileReference; fileEncoding = 4; lastKnownFileType = sourcecode.swift; path = "ZipArchive+convenience.swift"; sourceTree = "<group>"; };
		9B3D9DE42308E6970091BA83 /* ZipArchive+Reading.swift */ = {isa = PBXFileReference; fileEncoding = 4; lastKnownFileType = sourcecode.swift; path = "ZipArchive+Reading.swift"; sourceTree = "<group>"; };
		9B3D9DEB2308E69E0091BA83 /* Package.swift */ = {isa = PBXFileReference; lastKnownFileType = sourcecode.swift; path = Package.swift; sourceTree = "<group>"; };
		9B3D9DEC2308E69E0091BA83 /* README.md */ = {isa = PBXFileReference; lastKnownFileType = net.daringfireball.markdown; path = README.md; sourceTree = "<group>"; };
		9B3D9DF02308E7CB0091BA83 /* FileManager+.swift */ = {isa = PBXFileReference; fileEncoding = 4; lastKnownFileType = sourcecode.swift; path = "FileManager+.swift"; sourceTree = "<group>"; };
/* End PBXFileReference section */

/* Begin PBXFrameworksBuildPhase section */
		9B3D9DC02308E6810091BA83 /* Frameworks */ = {
			isa = PBXFrameworksBuildPhase;
			buildActionMask = 2147483647;
			files = (
				9B3D9DEF2308E7550091BA83 /* Spot in Frameworks */,
			);
			runOnlyForDeploymentPostprocessing = 0;
		};
		9B3D9DC92308E6810091BA83 /* Frameworks */ = {
			isa = PBXFrameworksBuildPhase;
			buildActionMask = 2147483647;
			files = (
				9B3D9DCD2308E6810091BA83 /* SpotZipArchive.framework in Frameworks */,
			);
			runOnlyForDeploymentPostprocessing = 0;
		};
/* End PBXFrameworksBuildPhase section */

/* Begin PBXGroup section */
		9B3D9DB92308E6810091BA83 = {
			isa = PBXGroup;
			children = (
				9B3D9DEB2308E69E0091BA83 /* Package.swift */,
				9B3D9DC42308E6810091BA83 /* Products */,
				9B3D9DEC2308E69E0091BA83 /* README.md */,
				9B3D9DDD2308E6970091BA83 /* Sources */,
				9B3D9DC52308E6810091BA83 /* SpotZipArchive */,
				9B3D9DD02308E6810091BA83 /* SpotZipArchiveTests */,
			);
			sourceTree = "<group>";
		};
		9B3D9DC42308E6810091BA83 /* Products */ = {
			isa = PBXGroup;
			children = (
				9B3D9DC32308E6810091BA83 /* SpotZipArchive.framework */,
				9B3D9DCC2308E6810091BA83 /* SpotZipArchiveTests.xctest */,
			);
			name = Products;
			sourceTree = "<group>";
		};
		9B3D9DC52308E6810091BA83 /* SpotZipArchive */ = {
			isa = PBXGroup;
			children = (
				9B3D9DC62308E6810091BA83 /* SpotZipArchive.h */,
				9B3D9DC72308E6810091BA83 /* Info.plist */,
			);
			path = SpotZipArchive;
			sourceTree = "<group>";
		};
		9B3D9DD02308E6810091BA83 /* SpotZipArchiveTests */ = {
			isa = PBXGroup;
			children = (
				9B3D9DD12308E6810091BA83 /* SpotZipArchiveTests.swift */,
				9B3D9DD32308E6810091BA83 /* Info.plist */,
			);
			path = SpotZipArchiveTests;
			sourceTree = "<group>";
		};
		9B3D9DDD2308E6970091BA83 /* Sources */ = {
			isa = PBXGroup;
			children = (
				9B3D9DDE2308E6970091BA83 /* SpotZipArchive */,
			);
			path = Sources;
			sourceTree = "<group>";
		};
		9B3D9DDE2308E6970091BA83 /* SpotZipArchive */ = {
			isa = PBXGroup;
			children = (
				9B3D9DE22308E6970091BA83 /* Data+ZipArchive.swift */,
				9B3D9DF02308E7CB0091BA83 /* FileManager+.swift */,
				9B3D9DDF2308E6970091BA83 /* ZipArchive.swift */,
				9B3D9DE32308E6970091BA83 /* ZipArchive+convenience.swift */,
				9B3D9DE42308E6970091BA83 /* ZipArchive+Reading.swift */,
				9B3D9DE02308E6970091BA83 /* ZipArchive+Writing.swift */,
				9B3D9DE12308E6970091BA83 /* ZipEntry.swift */,
			);
			path = SpotZipArchive;
			sourceTree = "<group>";
		};
/* End PBXGroup section */

/* Begin PBXHeadersBuildPhase section */
		9B3D9DBE2308E6810091BA83 /* Headers */ = {
			isa = PBXHeadersBuildPhase;
			buildActionMask = 2147483647;
			files = (
				9B3D9DD42308E6810091BA83 /* SpotZipArchive.h in Headers */,
			);
			runOnlyForDeploymentPostprocessing = 0;
		};
/* End PBXHeadersBuildPhase section */

/* Begin PBXNativeTarget section */
		9B3D9DC22308E6810091BA83 /* SpotZipArchive */ = {
			isa = PBXNativeTarget;
			buildConfigurationList = 9B3D9DD72308E6810091BA83 /* Build configuration list for PBXNativeTarget "SpotZipArchive" */;
			buildPhases = (
				9B3D9DBE2308E6810091BA83 /* Headers */,
				9B3D9DBF2308E6810091BA83 /* Sources */,
				9B3D9DC02308E6810091BA83 /* Frameworks */,
				9B3D9DC12308E6810091BA83 /* Resources */,
			);
			buildRules = (
			);
			dependencies = (
			);
			name = SpotZipArchive;
			packageProductDependencies = (
				9B3D9DEE2308E7550091BA83 /* Spot */,
			);
			productName = SpotZipArchive;
			productReference = 9B3D9DC32308E6810091BA83 /* SpotZipArchive.framework */;
			productType = "com.apple.product-type.framework";
		};
		9B3D9DCB2308E6810091BA83 /* SpotZipArchiveTests */ = {
			isa = PBXNativeTarget;
			buildConfigurationList = 9B3D9DDA2308E6810091BA83 /* Build configuration list for PBXNativeTarget "SpotZipArchiveTests" */;
			buildPhases = (
				9B3D9DC82308E6810091BA83 /* Sources */,
				9B3D9DC92308E6810091BA83 /* Frameworks */,
				9B3D9DCA2308E6810091BA83 /* Resources */,
			);
			buildRules = (
			);
			dependencies = (
				9B3D9DCF2308E6810091BA83 /* PBXTargetDependency */,
			);
			name = SpotZipArchiveTests;
			productName = SpotZipArchiveTests;
			productReference = 9B3D9DCC2308E6810091BA83 /* SpotZipArchiveTests.xctest */;
			productType = "com.apple.product-type.bundle.unit-test";
		};
/* End PBXNativeTarget section */

/* Begin PBXProject section */
		9B3D9DBA2308E6810091BA83 /* Project object */ = {
			isa = PBXProject;
			attributes = {
				LastSwiftUpdateCheck = 1100;
				LastUpgradeCheck = 1100;
				ORGANIZATIONNAME = Spotlit.club;
				TargetAttributes = {
					9B3D9DC22308E6810091BA83 = {
						CreatedOnToolsVersion = 11.0;
					};
					9B3D9DCB2308E6810091BA83 = {
						CreatedOnToolsVersion = 11.0;
					};
				};
			};
			buildConfigurationList = 9B3D9DBD2308E6810091BA83 /* Build configuration list for PBXProject "SpotZipArchive" */;
			compatibilityVersion = "Xcode 9.3";
			developmentRegion = en;
			hasScannedForEncodings = 0;
			knownRegions = (
				en,
				Base,
			);
			mainGroup = 9B3D9DB92308E6810091BA83;
			packageReferences = (
				9B3D9DED2308E7550091BA83 /* XCRemoteSwiftPackageReference "Spot" */,
			);
			productRefGroup = 9B3D9DC42308E6810091BA83 /* Products */;
			projectDirPath = "";
			projectRoot = "";
			targets = (
				9B3D9DC22308E6810091BA83 /* SpotZipArchive */,
				9B3D9DCB2308E6810091BA83 /* SpotZipArchiveTests */,
			);
		};
/* End PBXProject section */

/* Begin PBXResourcesBuildPhase section */
		9B3D9DC12308E6810091BA83 /* Resources */ = {
			isa = PBXResourcesBuildPhase;
			buildActionMask = 2147483647;
			files = (
			);
			runOnlyForDeploymentPostprocessing = 0;
		};
		9B3D9DCA2308E6810091BA83 /* Resources */ = {
			isa = PBXResourcesBuildPhase;
			buildActionMask = 2147483647;
			files = (
			);
			runOnlyForDeploymentPostprocessing = 0;
		};
/* End PBXResourcesBuildPhase section */

/* Begin PBXSourcesBuildPhase section */
		9B3D9DBF2308E6810091BA83 /* Sources */ = {
			isa = PBXSourcesBuildPhase;
			buildActionMask = 2147483647;
			files = (
				9B3D9DE52308E6990091BA83 /* ZipArchive.swift in Sources */,
				9B3D9DEA2308E6990091BA83 /* ZipArchive+Reading.swift in Sources */,
				9B3D9DE62308E6990091BA83 /* ZipArchive+Writing.swift in Sources */,
				9B3D9DF12308E7CC0091BA83 /* FileManager+.swift in Sources */,
				9B3D9DE82308E6990091BA83 /* Data+ZipArchive.swift in Sources */,
				9B3D9DE92308E6990091BA83 /* ZipArchive+convenience.swift in Sources */,
				9B3D9DE72308E6990091BA83 /* ZipEntry.swift in Sources */,
			);
			runOnlyForDeploymentPostprocessing = 0;
		};
		9B3D9DC82308E6810091BA83 /* Sources */ = {
			isa = PBXSourcesBuildPhase;
			buildActionMask = 2147483647;
			files = (
				9B3D9DD22308E6810091BA83 /* SpotZipArchiveTests.swift in Sources */,
			);
			runOnlyForDeploymentPostprocessing = 0;
		};
/* End PBXSourcesBuildPhase section */

/* Begin PBXTargetDependency section */
		9B3D9DCF2308E6810091BA83 /* PBXTargetDependency */ = {
			isa = PBXTargetDependency;
			target = 9B3D9DC22308E6810091BA83 /* SpotZipArchive */;
			targetProxy = 9B3D9DCE2308E6810091BA83 /* PBXContainerItemProxy */;
		};
/* End PBXTargetDependency section */

/* Begin XCBuildConfiguration section */
		9B3D9DD52308E6810091BA83 /* Debug */ = {
			isa = XCBuildConfiguration;
			buildSettings = {
				ALWAYS_SEARCH_USER_PATHS = NO;
				CLANG_ANALYZER_NONNULL = YES;
				CLANG_ANALYZER_NUMBER_OBJECT_CONVERSION = YES_AGGRESSIVE;
				CLANG_CXX_LANGUAGE_STANDARD = "gnu++14";
				CLANG_CXX_LIBRARY = "libc++";
				CLANG_ENABLE_MODULES = YES;
				CLANG_ENABLE_OBJC_ARC = YES;
				CLANG_ENABLE_OBJC_WEAK = YES;
				CLANG_WARN_BLOCK_CAPTURE_AUTORELEASING = YES;
				CLANG_WARN_BOOL_CONVERSION = YES;
				CLANG_WARN_COMMA = YES;
				CLANG_WARN_CONSTANT_CONVERSION = YES;
				CLANG_WARN_DEPRECATED_OBJC_IMPLEMENTATIONS = YES;
				CLANG_WARN_DIRECT_OBJC_ISA_USAGE = YES_ERROR;
				CLANG_WARN_DOCUMENTATION_COMMENTS = YES;
				CLANG_WARN_EMPTY_BODY = YES;
				CLANG_WARN_ENUM_CONVERSION = YES;
				CLANG_WARN_INFINITE_RECURSION = YES;
				CLANG_WARN_INT_CONVERSION = YES;
				CLANG_WARN_NON_LITERAL_NULL_CONVERSION = YES;
				CLANG_WARN_OBJC_IMPLICIT_RETAIN_SELF = YES;
				CLANG_WARN_OBJC_LITERAL_CONVERSION = YES;
				CLANG_WARN_OBJC_ROOT_CLASS = YES_ERROR;
				CLANG_WARN_RANGE_LOOP_ANALYSIS = YES;
				CLANG_WARN_STRICT_PROTOTYPES = YES;
				CLANG_WARN_SUSPICIOUS_MOVE = YES;
				CLANG_WARN_UNGUARDED_AVAILABILITY = YES_AGGRESSIVE;
				CLANG_WARN_UNREACHABLE_CODE = YES;
				CLANG_WARN__DUPLICATE_METHOD_MATCH = YES;
				COPY_PHASE_STRIP = NO;
				CURRENT_PROJECT_VERSION = 1;
				DEBUG_INFORMATION_FORMAT = dwarf;
				ENABLE_STRICT_OBJC_MSGSEND = YES;
				ENABLE_TESTABILITY = YES;
				GCC_C_LANGUAGE_STANDARD = gnu11;
				GCC_DYNAMIC_NO_PIC = NO;
				GCC_NO_COMMON_BLOCKS = YES;
				GCC_OPTIMIZATION_LEVEL = 0;
				GCC_PREPROCESSOR_DEFINITIONS = (
					"DEBUG=1",
					"$(inherited)",
				);
				GCC_WARN_64_TO_32_BIT_CONVERSION = YES;
				GCC_WARN_ABOUT_RETURN_TYPE = YES_ERROR;
				GCC_WARN_UNDECLARED_SELECTOR = YES;
				GCC_WARN_UNINITIALIZED_AUTOS = YES_AGGRESSIVE;
				GCC_WARN_UNUSED_FUNCTION = YES;
				GCC_WARN_UNUSED_VARIABLE = YES;
				IPHONEOS_DEPLOYMENT_TARGET = 13.0;
				MTL_ENABLE_DEBUG_INFO = INCLUDE_SOURCE;
				MTL_FAST_MATH = YES;
				ONLY_ACTIVE_ARCH = YES;
				SDKROOT = iphoneos;
				SWIFT_ACTIVE_COMPILATION_CONDITIONS = DEBUG;
				SWIFT_OPTIMIZATION_LEVEL = "-Onone";
				VERSIONING_SYSTEM = "apple-generic";
				VERSION_INFO_PREFIX = "";
			};
			name = Debug;
		};
		9B3D9DD62308E6810091BA83 /* Release */ = {
			isa = XCBuildConfiguration;
			buildSettings = {
				ALWAYS_SEARCH_USER_PATHS = NO;
				CLANG_ANALYZER_NONNULL = YES;
				CLANG_ANALYZER_NUMBER_OBJECT_CONVERSION = YES_AGGRESSIVE;
				CLANG_CXX_LANGUAGE_STANDARD = "gnu++14";
				CLANG_CXX_LIBRARY = "libc++";
				CLANG_ENABLE_MODULES = YES;
				CLANG_ENABLE_OBJC_ARC = YES;
				CLANG_ENABLE_OBJC_WEAK = YES;
				CLANG_WARN_BLOCK_CAPTURE_AUTORELEASING = YES;
				CLANG_WARN_BOOL_CONVERSION = YES;
				CLANG_WARN_COMMA = YES;
				CLANG_WARN_CONSTANT_CONVERSION = YES;
				CLANG_WARN_DEPRECATED_OBJC_IMPLEMENTATIONS = YES;
				CLANG_WARN_DIRECT_OBJC_ISA_USAGE = YES_ERROR;
				CLANG_WARN_DOCUMENTATION_COMMENTS = YES;
				CLANG_WARN_EMPTY_BODY = YES;
				CLANG_WARN_ENUM_CONVERSION = YES;
				CLANG_WARN_INFINITE_RECURSION = YES;
				CLANG_WARN_INT_CONVERSION = YES;
				CLANG_WARN_NON_LITERAL_NULL_CONVERSION = YES;
				CLANG_WARN_OBJC_IMPLICIT_RETAIN_SELF = YES;
				CLANG_WARN_OBJC_LITERAL_CONVERSION = YES;
				CLANG_WARN_OBJC_ROOT_CLASS = YES_ERROR;
				CLANG_WARN_RANGE_LOOP_ANALYSIS = YES;
				CLANG_WARN_STRICT_PROTOTYPES = YES;
				CLANG_WARN_SUSPICIOUS_MOVE = YES;
				CLANG_WARN_UNGUARDED_AVAILABILITY = YES_AGGRESSIVE;
				CLANG_WARN_UNREACHABLE_CODE = YES;
				CLANG_WARN__DUPLICATE_METHOD_MATCH = YES;
				COPY_PHASE_STRIP = NO;
				CURRENT_PROJECT_VERSION = 1;
				DEBUG_INFORMATION_FORMAT = "dwarf-with-dsym";
				ENABLE_NS_ASSERTIONS = NO;
				ENABLE_STRICT_OBJC_MSGSEND = YES;
				GCC_C_LANGUAGE_STANDARD = gnu11;
				GCC_NO_COMMON_BLOCKS = YES;
				GCC_WARN_64_TO_32_BIT_CONVERSION = YES;
				GCC_WARN_ABOUT_RETURN_TYPE = YES_ERROR;
				GCC_WARN_UNDECLARED_SELECTOR = YES;
				GCC_WARN_UNINITIALIZED_AUTOS = YES_AGGRESSIVE;
				GCC_WARN_UNUSED_FUNCTION = YES;
				GCC_WARN_UNUSED_VARIABLE = YES;
				IPHONEOS_DEPLOYMENT_TARGET = 13.0;
				MTL_ENABLE_DEBUG_INFO = NO;
				MTL_FAST_MATH = YES;
				SDKROOT = iphoneos;
				SWIFT_COMPILATION_MODE = wholemodule;
				SWIFT_OPTIMIZATION_LEVEL = "-O";
				VALIDATE_PRODUCT = YES;
				VERSIONING_SYSTEM = "apple-generic";
				VERSION_INFO_PREFIX = "";
			};
			name = Release;
		};
		9B3D9DD82308E6810091BA83 /* Debug */ = {
			isa = XCBuildConfiguration;
			buildSettings = {
				CODE_SIGN_STYLE = Automatic;
				DEFINES_MODULE = YES;
				DYLIB_COMPATIBILITY_VERSION = 1;
				DYLIB_CURRENT_VERSION = 1;
				DYLIB_INSTALL_NAME_BASE = "@rpath";
				INFOPLIST_FILE = SpotZipArchive/Info.plist;
				INSTALL_PATH = "$(LOCAL_LIBRARY_DIR)/Frameworks";
				IPHONEOS_DEPLOYMENT_TARGET = 8.0;
				LD_RUNPATH_SEARCH_PATHS = (
					"$(inherited)",
					"@executable_path/Frameworks",
					"@loader_path/Frameworks",
				);
				PRODUCT_BUNDLE_IDENTIFIER = club.spotlit.SpotZipArchive;
				PRODUCT_NAME = "$(TARGET_NAME:c99extidentifier)";
				SKIP_INSTALL = YES;
				SWIFT_VERSION = 5.0;
				TARGETED_DEVICE_FAMILY = "1,2";
			};
			name = Debug;
		};
		9B3D9DD92308E6810091BA83 /* Release */ = {
			isa = XCBuildConfiguration;
			buildSettings = {
				CODE_SIGN_STYLE = Automatic;
				DEFINES_MODULE = YES;
				DYLIB_COMPATIBILITY_VERSION = 1;
				DYLIB_CURRENT_VERSION = 1;
				DYLIB_INSTALL_NAME_BASE = "@rpath";
				INFOPLIST_FILE = SpotZipArchive/Info.plist;
				INSTALL_PATH = "$(LOCAL_LIBRARY_DIR)/Frameworks";
				IPHONEOS_DEPLOYMENT_TARGET = 8.0;
				LD_RUNPATH_SEARCH_PATHS = (
					"$(inherited)",
					"@executable_path/Frameworks",
					"@loader_path/Frameworks",
				);
				PRODUCT_BUNDLE_IDENTIFIER = club.spotlit.SpotZipArchive;
				PRODUCT_NAME = "$(TARGET_NAME:c99extidentifier)";
				SKIP_INSTALL = YES;
				SWIFT_VERSION = 5.0;
				TARGETED_DEVICE_FAMILY = "1,2";
			};
			name = Release;
		};
		9B3D9DDB2308E6810091BA83 /* Debug */ = {
			isa = XCBuildConfiguration;
			buildSettings = {
				ALWAYS_EMBED_SWIFT_STANDARD_LIBRARIES = YES;
				CODE_SIGN_STYLE = Automatic;
				INFOPLIST_FILE = SpotZipArchiveTests/Info.plist;
				LD_RUNPATH_SEARCH_PATHS = (
					"$(inherited)",
					"@executable_path/Frameworks",
					"@loader_path/Frameworks",
				);
				PRODUCT_BUNDLE_IDENTIFIER = club.spotlit.SpotZipArchiveTests;
				PRODUCT_NAME = "$(TARGET_NAME)";
				SWIFT_VERSION = 5.0;
				TARGETED_DEVICE_FAMILY = "1,2";
			};
			name = Debug;
		};
		9B3D9DDC2308E6810091BA83 /* Release */ = {
			isa = XCBuildConfiguration;
			buildSettings = {
				ALWAYS_EMBED_SWIFT_STANDARD_LIBRARIES = YES;
				CODE_SIGN_STYLE = Automatic;
				INFOPLIST_FILE = SpotZipArchiveTests/Info.plist;
				LD_RUNPATH_SEARCH_PATHS = (
					"$(inherited)",
					"@executable_path/Frameworks",
					"@loader_path/Frameworks",
				);
				PRODUCT_BUNDLE_IDENTIFIER = club.spotlit.SpotZipArchiveTests;
				PRODUCT_NAME = "$(TARGET_NAME)";
				SWIFT_VERSION = 5.0;
				TARGETED_DEVICE_FAMILY = "1,2";
			};
			name = Release;
		};
/* End XCBuildConfiguration section */

/* Begin XCConfigurationList section */
		9B3D9DBD2308E6810091BA83 /* Build configuration list for PBXProject "SpotZipArchive" */ = {
			isa = XCConfigurationList;
			buildConfigurations = (
				9B3D9DD52308E6810091BA83 /* Debug */,
				9B3D9DD62308E6810091BA83 /* Release */,
			);
			defaultConfigurationIsVisible = 0;
			defaultConfigurationName = Release;
		};
		9B3D9DD72308E6810091BA83 /* Build configuration list for PBXNativeTarget "SpotZipArchive" */ = {
			isa = XCConfigurationList;
			buildConfigurations = (
				9B3D9DD82308E6810091BA83 /* Debug */,
				9B3D9DD92308E6810091BA83 /* Release */,
			);
			defaultConfigurationIsVisible = 0;
			defaultConfigurationName = Release;
		};
		9B3D9DDA2308E6810091BA83 /* Build configuration list for PBXNativeTarget "SpotZipArchiveTests" */ = {
			isa = XCConfigurationList;
			buildConfigurations = (
				9B3D9DDB2308E6810091BA83 /* Debug */,
				9B3D9DDC2308E6810091BA83 /* Release */,
			);
			defaultConfigurationIsVisible = 0;
			defaultConfigurationName = Release;
		};
/* End XCConfigurationList section */

/* Begin XCRemoteSwiftPackageReference section */
		9B3D9DED2308E7550091BA83 /* XCRemoteSwiftPackageReference "Spot" */ = {
			isa = XCRemoteSwiftPackageReference;
			repositoryURL = "https://github.com/shawnclovie/Spot";
			requirement = {
				branch = master;
				kind = branch;
			};
		};
/* End XCRemoteSwiftPackageReference section */

/* Begin XCSwiftPackageProductDependency section */
		9B3D9DEE2308E7550091BA83 /* Spot */ = {
			isa = XCSwiftPackageProductDependency;
			package = 9B3D9DED2308E7550091BA83 /* XCRemoteSwiftPackageReference "Spot" */;
			productName = Spot;
		};
/* End XCSwiftPackageProductDependency section */
	};
	rootObject = 9B3D9DBA2308E6810091BA83 /* Project object */;
}
